// !$*UTF8*$!
{
	archiveVersion = 1;
	classes = {
	};
	objectVersion = 55;
	objects = {

/* Begin PBXBuildFile section */
		55EFEFFE2C90B89B250AA094 /* Pods_SpaceFlightNews.framework in Frameworks */ = {isa = PBXBuildFile; fileRef = 4E48284670210A094DBC4D75 /* Pods_SpaceFlightNews.framework */; };
		836D73E413732060E9028764 /* Pods_SpaceFlightNewsTests.framework in Frameworks */ = {isa = PBXBuildFile; fileRef = 0CD93B6150E2CD4A39724D5B /* Pods_SpaceFlightNewsTests.framework */; };
		CED2BDD8FB18BCCF4B418EA2 /* Pods_SpaceFlightNews_SpaceFlightNewsUITests.framework in Frameworks */ = {isa = PBXBuildFile; fileRef = 2011983868DA8D71A29792C5 /* Pods_SpaceFlightNews_SpaceFlightNewsUITests.framework */; };
		EE98E3162DAD70EC00E6CCC4 /* AppDelegate.swift in Sources */ = {isa = PBXBuildFile; fileRef = EE98E3152DAD70EC00E6CCC4 /* AppDelegate.swift */; };
		EE98E3182DAD70EC00E6CCC4 /* SceneDelegate.swift in Sources */ = {isa = PBXBuildFile; fileRef = EE98E3172DAD70EC00E6CCC4 /* SceneDelegate.swift */; };
		EE98E31A2DAD70ED00E6CCC4 /* ViewController.swift in Sources */ = {isa = PBXBuildFile; fileRef = EE98E3192DAD70EC00E6CCC4 /* ViewController.swift */; };
		EE98E31D2DAD70ED00E6CCC4 /* Base in Resources */ = {isa = PBXBuildFile; fileRef = EE98E31C2DAD70ED00E6CCC4 /* Base */; };
		EE98E31F2DAD70F500E6CCC4 /* Assets.xcassets in Resources */ = {isa = PBXBuildFile; fileRef = EE98E31E2DAD70F500E6CCC4 /* Assets.xcassets */; };
		EE98E3222DAD70F500E6CCC4 /* Base in Resources */ = {isa = PBXBuildFile; fileRef = EE98E3212DAD70F500E6CCC4 /* Base */; };
		EE98E32D2DAD70F700E6CCC4 /* SpaceFlightNewsTests.swift in Sources */ = {isa = PBXBuildFile; fileRef = EE98E32C2DAD70F700E6CCC4 /* SpaceFlightNewsTests.swift */; };
		EE98E3372DAD70F700E6CCC4 /* SpaceFlightNewsUITests.swift in Sources */ = {isa = PBXBuildFile; fileRef = EE98E3362DAD70F700E6CCC4 /* SpaceFlightNewsUITests.swift */; };
		EE98E3392DAD70F700E6CCC4 /* SpaceFlightNewsUITestsLaunchTests.swift in Sources */ = {isa = PBXBuildFile; fileRef = EE98E3382DAD70F700E6CCC4 /* SpaceFlightNewsUITestsLaunchTests.swift */; };
		EE98E3502DAE339400E6CCC4 /* LoginViewController.swift in Sources */ = {isa = PBXBuildFile; fileRef = EE98E34E2DAE339400E6CCC4 /* LoginViewController.swift */; };
		EE98E3512DAE339400E6CCC4 /* LoginViewController.xib in Resources */ = {isa = PBXBuildFile; fileRef = EE98E34F2DAE339400E6CCC4 /* LoginViewController.xib */; };
		EE98E3542DAE520100E6CCC4 /* RegisterViewController.swift in Sources */ = {isa = PBXBuildFile; fileRef = EE98E3522DAE520100E6CCC4 /* RegisterViewController.swift */; };
		EE98E3552DAE520100E6CCC4 /* RegisterViewController.xib in Resources */ = {isa = PBXBuildFile; fileRef = EE98E3532DAE520100E6CCC4 /* RegisterViewController.xib */; };
		EE98E3592DAE5B4D00E6CCC4 /* HomeViewController.swift in Sources */ = {isa = PBXBuildFile; fileRef = EE98E3572DAE5B4D00E6CCC4 /* HomeViewController.swift */; };
		EE98E35A2DAE5B4D00E6CCC4 /* HomeViewController.xib in Resources */ = {isa = PBXBuildFile; fileRef = EE98E3582DAE5B4D00E6CCC4 /* HomeViewController.xib */; };
		EE98E35E2DAE5CDA00E6CCC4 /* ArticleTableViewCell.swift in Sources */ = {isa = PBXBuildFile; fileRef = EE98E35C2DAE5CDA00E6CCC4 /* ArticleTableViewCell.swift */; };
		EE98E35F2DAE5CDA00E6CCC4 /* ArticleTableViewCell.xib in Resources */ = {isa = PBXBuildFile; fileRef = EE98E35D2DAE5CDA00E6CCC4 /* ArticleTableViewCell.xib */; };
		EE98E3622DAE64F500E6CCC4 /* ArticleCollectionViewCell.swift in Sources */ = {isa = PBXBuildFile; fileRef = EE98E3602DAE64F500E6CCC4 /* ArticleCollectionViewCell.swift */; };
		EE98E3632DAE64F500E6CCC4 /* ArticleCollectionViewCell.xib in Resources */ = {isa = PBXBuildFile; fileRef = EE98E3612DAE64F500E6CCC4 /* ArticleCollectionViewCell.xib */; };
/* End PBXBuildFile section */

/* Begin PBXContainerItemProxy section */
		EE98E3292DAD70F700E6CCC4 /* PBXContainerItemProxy */ = {
			isa = PBXContainerItemProxy;
			containerPortal = EE98E30A2DAD70EC00E6CCC4 /* Project object */;
			proxyType = 1;
			remoteGlobalIDString = EE98E3112DAD70EC00E6CCC4;
			remoteInfo = SpaceFlightNews;
		};
		EE98E3332DAD70F700E6CCC4 /* PBXContainerItemProxy */ = {
			isa = PBXContainerItemProxy;
			containerPortal = EE98E30A2DAD70EC00E6CCC4 /* Project object */;
			proxyType = 1;
			remoteGlobalIDString = EE98E3112DAD70EC00E6CCC4;
			remoteInfo = SpaceFlightNews;
		};
/* End PBXContainerItemProxy section */

/* Begin PBXFileReference section */
		0C4EB649ACFE9DA793A98F95 /* Pods-SpaceFlightNewsTests.debug.xcconfig */ = {isa = PBXFileReference; includeInIndex = 1; lastKnownFileType = text.xcconfig; name = "Pods-SpaceFlightNewsTests.debug.xcconfig"; path = "Target Support Files/Pods-SpaceFlightNewsTests/Pods-SpaceFlightNewsTests.debug.xcconfig"; sourceTree = "<group>"; };
		0CD93B6150E2CD4A39724D5B /* Pods_SpaceFlightNewsTests.framework */ = {isa = PBXFileReference; explicitFileType = wrapper.framework; includeInIndex = 0; path = Pods_SpaceFlightNewsTests.framework; sourceTree = BUILT_PRODUCTS_DIR; };
		2011983868DA8D71A29792C5 /* Pods_SpaceFlightNews_SpaceFlightNewsUITests.framework */ = {isa = PBXFileReference; explicitFileType = wrapper.framework; includeInIndex = 0; path = Pods_SpaceFlightNews_SpaceFlightNewsUITests.framework; sourceTree = BUILT_PRODUCTS_DIR; };
		4564D56923C5DECA2ECFA425 /* Pods-SpaceFlightNews-SpaceFlightNewsUITests.release.xcconfig */ = {isa = PBXFileReference; includeInIndex = 1; lastKnownFileType = text.xcconfig; name = "Pods-SpaceFlightNews-SpaceFlightNewsUITests.release.xcconfig"; path = "Target Support Files/Pods-SpaceFlightNews-SpaceFlightNewsUITests/Pods-SpaceFlightNews-SpaceFlightNewsUITests.release.xcconfig"; sourceTree = "<group>"; };
		4E48284670210A094DBC4D75 /* Pods_SpaceFlightNews.framework */ = {isa = PBXFileReference; explicitFileType = wrapper.framework; includeInIndex = 0; path = Pods_SpaceFlightNews.framework; sourceTree = BUILT_PRODUCTS_DIR; };
		549B5766412A0A2076A83B00 /* Pods-SpaceFlightNews.release.xcconfig */ = {isa = PBXFileReference; includeInIndex = 1; lastKnownFileType = text.xcconfig; name = "Pods-SpaceFlightNews.release.xcconfig"; path = "Target Support Files/Pods-SpaceFlightNews/Pods-SpaceFlightNews.release.xcconfig"; sourceTree = "<group>"; };
		696DFD4A3CBED255F8621620 /* Pods-SpaceFlightNews-SpaceFlightNewsUITests.debug.xcconfig */ = {isa = PBXFileReference; includeInIndex = 1; lastKnownFileType = text.xcconfig; name = "Pods-SpaceFlightNews-SpaceFlightNewsUITests.debug.xcconfig"; path = "Target Support Files/Pods-SpaceFlightNews-SpaceFlightNewsUITests/Pods-SpaceFlightNews-SpaceFlightNewsUITests.debug.xcconfig"; sourceTree = "<group>"; };
		71187CF1C61982DCBF432A92 /* Pods-SpaceFlightNews.debug.xcconfig */ = {isa = PBXFileReference; includeInIndex = 1; lastKnownFileType = text.xcconfig; name = "Pods-SpaceFlightNews.debug.xcconfig"; path = "Target Support Files/Pods-SpaceFlightNews/Pods-SpaceFlightNews.debug.xcconfig"; sourceTree = "<group>"; };
		957835F46F78268A7C6FAD4D /* Pods-SpaceFlightNewsTests.release.xcconfig */ = {isa = PBXFileReference; includeInIndex = 1; lastKnownFileType = text.xcconfig; name = "Pods-SpaceFlightNewsTests.release.xcconfig"; path = "Target Support Files/Pods-SpaceFlightNewsTests/Pods-SpaceFlightNewsTests.release.xcconfig"; sourceTree = "<group>"; };
		EE98E3122DAD70EC00E6CCC4 /* SpaceFlightNews.app */ = {isa = PBXFileReference; explicitFileType = wrapper.application; includeInIndex = 0; path = SpaceFlightNews.app; sourceTree = BUILT_PRODUCTS_DIR; };
		EE98E3152DAD70EC00E6CCC4 /* AppDelegate.swift */ = {isa = PBXFileReference; lastKnownFileType = sourcecode.swift; path = AppDelegate.swift; sourceTree = "<group>"; };
		EE98E3172DAD70EC00E6CCC4 /* SceneDelegate.swift */ = {isa = PBXFileReference; lastKnownFileType = sourcecode.swift; path = SceneDelegate.swift; sourceTree = "<group>"; };
		EE98E3192DAD70EC00E6CCC4 /* ViewController.swift */ = {isa = PBXFileReference; lastKnownFileType = sourcecode.swift; path = ViewController.swift; sourceTree = "<group>"; };
		EE98E31C2DAD70ED00E6CCC4 /* Base */ = {isa = PBXFileReference; lastKnownFileType = file.storyboard; name = Base; path = Base.lproj/Main.storyboard; sourceTree = "<group>"; };
		EE98E31E2DAD70F500E6CCC4 /* Assets.xcassets */ = {isa = PBXFileReference; lastKnownFileType = folder.assetcatalog; path = Assets.xcassets; sourceTree = "<group>"; };
		EE98E3212DAD70F500E6CCC4 /* Base */ = {isa = PBXFileReference; lastKnownFileType = file.storyboard; name = Base; path = Base.lproj/LaunchScreen.storyboard; sourceTree = "<group>"; };
		EE98E3232DAD70F500E6CCC4 /* Info.plist */ = {isa = PBXFileReference; lastKnownFileType = text.plist.xml; path = Info.plist; sourceTree = "<group>"; };
		EE98E3282DAD70F700E6CCC4 /* SpaceFlightNewsTests.xctest */ = {isa = PBXFileReference; explicitFileType = wrapper.cfbundle; includeInIndex = 0; path = SpaceFlightNewsTests.xctest; sourceTree = BUILT_PRODUCTS_DIR; };
		EE98E32C2DAD70F700E6CCC4 /* SpaceFlightNewsTests.swift */ = {isa = PBXFileReference; lastKnownFileType = sourcecode.swift; path = SpaceFlightNewsTests.swift; sourceTree = "<group>"; };
		EE98E3322DAD70F700E6CCC4 /* SpaceFlightNewsUITests.xctest */ = {isa = PBXFileReference; explicitFileType = wrapper.cfbundle; includeInIndex = 0; path = SpaceFlightNewsUITests.xctest; sourceTree = BUILT_PRODUCTS_DIR; };
		EE98E3362DAD70F700E6CCC4 /* SpaceFlightNewsUITests.swift */ = {isa = PBXFileReference; lastKnownFileType = sourcecode.swift; path = SpaceFlightNewsUITests.swift; sourceTree = "<group>"; };
		EE98E3382DAD70F700E6CCC4 /* SpaceFlightNewsUITestsLaunchTests.swift */ = {isa = PBXFileReference; lastKnownFileType = sourcecode.swift; path = SpaceFlightNewsUITestsLaunchTests.swift; sourceTree = "<group>"; };
		EE98E34E2DAE339400E6CCC4 /* LoginViewController.swift */ = {isa = PBXFileReference; lastKnownFileType = sourcecode.swift; path = LoginViewController.swift; sourceTree = "<group>"; };
		EE98E34F2DAE339400E6CCC4 /* LoginViewController.xib */ = {isa = PBXFileReference; lastKnownFileType = file.xib; path = LoginViewController.xib; sourceTree = "<group>"; };
		EE98E3522DAE520100E6CCC4 /* RegisterViewController.swift */ = {isa = PBXFileReference; lastKnownFileType = sourcecode.swift; path = RegisterViewController.swift; sourceTree = "<group>"; };
		EE98E3532DAE520100E6CCC4 /* RegisterViewController.xib */ = {isa = PBXFileReference; lastKnownFileType = file.xib; path = RegisterViewController.xib; sourceTree = "<group>"; };
		EE98E3572DAE5B4D00E6CCC4 /* HomeViewController.swift */ = {isa = PBXFileReference; lastKnownFileType = sourcecode.swift; path = HomeViewController.swift; sourceTree = "<group>"; };
		EE98E3582DAE5B4D00E6CCC4 /* HomeViewController.xib */ = {isa = PBXFileReference; lastKnownFileType = file.xib; path = HomeViewController.xib; sourceTree = "<group>"; };
		EE98E35C2DAE5CDA00E6CCC4 /* ArticleTableViewCell.swift */ = {isa = PBXFileReference; lastKnownFileType = sourcecode.swift; path = ArticleTableViewCell.swift; sourceTree = "<group>"; };
		EE98E35D2DAE5CDA00E6CCC4 /* ArticleTableViewCell.xib */ = {isa = PBXFileReference; lastKnownFileType = file.xib; path = ArticleTableViewCell.xib; sourceTree = "<group>"; };
		EE98E3602DAE64F500E6CCC4 /* ArticleCollectionViewCell.swift */ = {isa = PBXFileReference; lastKnownFileType = sourcecode.swift; path = ArticleCollectionViewCell.swift; sourceTree = "<group>"; };
		EE98E3612DAE64F500E6CCC4 /* ArticleCollectionViewCell.xib */ = {isa = PBXFileReference; lastKnownFileType = file.xib; path = ArticleCollectionViewCell.xib; sourceTree = "<group>"; };
/* End PBXFileReference section */

/* Begin PBXFrameworksBuildPhase section */
		EE98E30F2DAD70EC00E6CCC4 /* Frameworks */ = {
			isa = PBXFrameworksBuildPhase;
			buildActionMask = 2147483647;
			files = (
				55EFEFFE2C90B89B250AA094 /* Pods_SpaceFlightNews.framework in Frameworks */,
			);
			runOnlyForDeploymentPostprocessing = 0;
		};
		EE98E3252DAD70F700E6CCC4 /* Frameworks */ = {
			isa = PBXFrameworksBuildPhase;
			buildActionMask = 2147483647;
			files = (
				836D73E413732060E9028764 /* Pods_SpaceFlightNewsTests.framework in Frameworks */,
			);
			runOnlyForDeploymentPostprocessing = 0;
		};
		EE98E32F2DAD70F700E6CCC4 /* Frameworks */ = {
			isa = PBXFrameworksBuildPhase;
			buildActionMask = 2147483647;
			files = (
				CED2BDD8FB18BCCF4B418EA2 /* Pods_SpaceFlightNews_SpaceFlightNewsUITests.framework in Frameworks */,
			);
			runOnlyForDeploymentPostprocessing = 0;
		};
/* End PBXFrameworksBuildPhase section */

/* Begin PBXGroup section */
		28B126C7BC761AC0557896F6 /* Frameworks */ = {
			isa = PBXGroup;
			children = (
				4E48284670210A094DBC4D75 /* Pods_SpaceFlightNews.framework */,
				2011983868DA8D71A29792C5 /* Pods_SpaceFlightNews_SpaceFlightNewsUITests.framework */,
				0CD93B6150E2CD4A39724D5B /* Pods_SpaceFlightNewsTests.framework */,
			);
			name = Frameworks;
			sourceTree = "<group>";
		};
		9A126918E7578F5E79AB84FC /* Pods */ = {
			isa = PBXGroup;
			children = (
				71187CF1C61982DCBF432A92 /* Pods-SpaceFlightNews.debug.xcconfig */,
				549B5766412A0A2076A83B00 /* Pods-SpaceFlightNews.release.xcconfig */,
				696DFD4A3CBED255F8621620 /* Pods-SpaceFlightNews-SpaceFlightNewsUITests.debug.xcconfig */,
				4564D56923C5DECA2ECFA425 /* Pods-SpaceFlightNews-SpaceFlightNewsUITests.release.xcconfig */,
				0C4EB649ACFE9DA793A98F95 /* Pods-SpaceFlightNewsTests.debug.xcconfig */,
				957835F46F78268A7C6FAD4D /* Pods-SpaceFlightNewsTests.release.xcconfig */,
			);
			name = Pods;
			path = Pods;
			sourceTree = "<group>";
		};
		EE98E3092DAD70EC00E6CCC4 = {
			isa = PBXGroup;
			children = (
				EE98E3142DAD70EC00E6CCC4 /* SpaceFlightNews */,
				EE98E32B2DAD70F700E6CCC4 /* SpaceFlightNewsTests */,
				EE98E3352DAD70F700E6CCC4 /* SpaceFlightNewsUITests */,
				EE98E3132DAD70EC00E6CCC4 /* Products */,
				9A126918E7578F5E79AB84FC /* Pods */,
				28B126C7BC761AC0557896F6 /* Frameworks */,
			);
			sourceTree = "<group>";
		};
		EE98E3132DAD70EC00E6CCC4 /* Products */ = {
			isa = PBXGroup;
			children = (
				EE98E3122DAD70EC00E6CCC4 /* SpaceFlightNews.app */,
				EE98E3282DAD70F700E6CCC4 /* SpaceFlightNewsTests.xctest */,
				EE98E3322DAD70F700E6CCC4 /* SpaceFlightNewsUITests.xctest */,
			);
			name = Products;
			sourceTree = "<group>";
		};
		EE98E3142DAD70EC00E6CCC4 /* SpaceFlightNews */ = {
			isa = PBXGroup;
			children = (
				EE98E3452DAE2B6900E6CCC4 /* Application */,
				EE98E3462DAE2B7A00E6CCC4 /* Presentation */,
				EE98E3472DAE2B8C00E6CCC4 /* Domain */,
				EE98E3482DAE2B9A00E6CCC4 /* Data */,
				EE98E3192DAD70EC00E6CCC4 /* ViewController.swift */,
				EE98E31B2DAD70ED00E6CCC4 /* Main.storyboard */,
				EE98E31E2DAD70F500E6CCC4 /* Assets.xcassets */,
				EE98E3202DAD70F500E6CCC4 /* LaunchScreen.storyboard */,
				EE98E3232DAD70F500E6CCC4 /* Info.plist */,
			);
			path = SpaceFlightNews;
			sourceTree = "<group>";
		};
		EE98E32B2DAD70F700E6CCC4 /* SpaceFlightNewsTests */ = {
			isa = PBXGroup;
			children = (
				EE98E32C2DAD70F700E6CCC4 /* SpaceFlightNewsTests.swift */,
			);
			path = SpaceFlightNewsTests;
			sourceTree = "<group>";
		};
		EE98E3352DAD70F700E6CCC4 /* SpaceFlightNewsUITests */ = {
			isa = PBXGroup;
			children = (
				EE98E3362DAD70F700E6CCC4 /* SpaceFlightNewsUITests.swift */,
				EE98E3382DAD70F700E6CCC4 /* SpaceFlightNewsUITestsLaunchTests.swift */,
			);
			path = SpaceFlightNewsUITests;
			sourceTree = "<group>";
		};
		EE98E3452DAE2B6900E6CCC4 /* Application */ = {
			isa = PBXGroup;
			children = (
				EE98E3152DAD70EC00E6CCC4 /* AppDelegate.swift */,
				EE98E3172DAD70EC00E6CCC4 /* SceneDelegate.swift */,
			);
			path = Application;
			sourceTree = "<group>";
		};
		EE98E3462DAE2B7A00E6CCC4 /* Presentation */ = {
			isa = PBXGroup;
			children = (
				EE98E3492DAE2C7800E6CCC4 /* View */,
			);
			path = Presentation;
			sourceTree = "<group>";
		};
		EE98E3472DAE2B8C00E6CCC4 /* Domain */ = {
			isa = PBXGroup;
			children = (
				EE98E34A2DAE2DB000E6CCC4 /* Entities */,
				EE98E34B2DAE2DC600E6CCC4 /* Repositories */,
			);
			path = Domain;
			sourceTree = "<group>";
		};
		EE98E3482DAE2B9A00E6CCC4 /* Data */ = {
			isa = PBXGroup;
			children = (
				EE98E34C2DAE2DF000E6CCC4 /* DataSources */,
			);
			path = Data;
			sourceTree = "<group>";
		};
		EE98E3492DAE2C7800E6CCC4 /* View */ = {
			isa = PBXGroup;
			children = (
				EE98E3562DAE5B3800E6CCC4 /* Home */,
				EE98E34D2DAE337C00E6CCC4 /* Authentication */,
			);
			path = View;
			sourceTree = "<group>";
		};
		EE98E34A2DAE2DB000E6CCC4 /* Entities */ = {
			isa = PBXGroup;
			children = (
			);
			path = Entities;
			sourceTree = "<group>";
		};
		EE98E34B2DAE2DC600E6CCC4 /* Repositories */ = {
			isa = PBXGroup;
			children = (
			);
			path = Repositories;
			sourceTree = "<group>";
		};
		EE98E34C2DAE2DF000E6CCC4 /* DataSources */ = {
			isa = PBXGroup;
			children = (
			);
			path = DataSources;
			sourceTree = "<group>";
		};
		EE98E34D2DAE337C00E6CCC4 /* Authentication */ = {
			isa = PBXGroup;
			children = (
				EE98E34E2DAE339400E6CCC4 /* LoginViewController.swift */,
				EE98E34F2DAE339400E6CCC4 /* LoginViewController.xib */,
				EE98E3522DAE520100E6CCC4 /* RegisterViewController.swift */,
				EE98E3532DAE520100E6CCC4 /* RegisterViewController.xib */,
			);
			path = Authentication;
			sourceTree = "<group>";
		};
		EE98E3562DAE5B3800E6CCC4 /* Home */ = {
			isa = PBXGroup;
			children = (
				EE98E35B2DAE5CA600E6CCC4 /* Cells */,
				EE98E3572DAE5B4D00E6CCC4 /* HomeViewController.swift */,
				EE98E3582DAE5B4D00E6CCC4 /* HomeViewController.xib */,
			);
			path = Home;
			sourceTree = "<group>";
		};
		EE98E35B2DAE5CA600E6CCC4 /* Cells */ = {
			isa = PBXGroup;
			children = (
				EE98E35C2DAE5CDA00E6CCC4 /* ArticleTableViewCell.swift */,
				EE98E35D2DAE5CDA00E6CCC4 /* ArticleTableViewCell.xib */,
				EE98E3602DAE64F500E6CCC4 /* ArticleCollectionViewCell.swift */,
				EE98E3612DAE64F500E6CCC4 /* ArticleCollectionViewCell.xib */,
			);
			path = Cells;
			sourceTree = "<group>";
		};
/* End PBXGroup section */

/* Begin PBXNativeTarget section */
		EE98E3112DAD70EC00E6CCC4 /* SpaceFlightNews */ = {
			isa = PBXNativeTarget;
			buildConfigurationList = EE98E33C2DAD70F700E6CCC4 /* Build configuration list for PBXNativeTarget "SpaceFlightNews" */;
			buildPhases = (
				394271BADEA2D08C02031638 /* [CP] Check Pods Manifest.lock */,
				EE98E30E2DAD70EC00E6CCC4 /* Sources */,
				EE98E30F2DAD70EC00E6CCC4 /* Frameworks */,
				EE98E3102DAD70EC00E6CCC4 /* Resources */,
				DA8F8FB48C0701C0BBDDCB87 /* [CP] Embed Pods Frameworks */,
			);
			buildRules = (
			);
			dependencies = (
			);
			name = SpaceFlightNews;
			productName = SpaceFlightNews;
			productReference = EE98E3122DAD70EC00E6CCC4 /* SpaceFlightNews.app */;
			productType = "com.apple.product-type.application";
		};
		EE98E3272DAD70F700E6CCC4 /* SpaceFlightNewsTests */ = {
			isa = PBXNativeTarget;
			buildConfigurationList = EE98E33F2DAD70F700E6CCC4 /* Build configuration list for PBXNativeTarget "SpaceFlightNewsTests" */;
			buildPhases = (
				FFFFE57BD8C9A90EA457F66C /* [CP] Check Pods Manifest.lock */,
				EE98E3242DAD70F700E6CCC4 /* Sources */,
				EE98E3252DAD70F700E6CCC4 /* Frameworks */,
				EE98E3262DAD70F700E6CCC4 /* Resources */,
			);
			buildRules = (
			);
			dependencies = (
				EE98E32A2DAD70F700E6CCC4 /* PBXTargetDependency */,
			);
			name = SpaceFlightNewsTests;
			productName = SpaceFlightNewsTests;
			productReference = EE98E3282DAD70F700E6CCC4 /* SpaceFlightNewsTests.xctest */;
			productType = "com.apple.product-type.bundle.unit-test";
		};
		EE98E3312DAD70F700E6CCC4 /* SpaceFlightNewsUITests */ = {
			isa = PBXNativeTarget;
			buildConfigurationList = EE98E3422DAD70F700E6CCC4 /* Build configuration list for PBXNativeTarget "SpaceFlightNewsUITests" */;
			buildPhases = (
				058285F6AE0388160BFD2684 /* [CP] Check Pods Manifest.lock */,
				EE98E32E2DAD70F700E6CCC4 /* Sources */,
				EE98E32F2DAD70F700E6CCC4 /* Frameworks */,
				EE98E3302DAD70F700E6CCC4 /* Resources */,
				58080B9A5EFD92EEE01D64BA /* [CP] Embed Pods Frameworks */,
			);
			buildRules = (
			);
			dependencies = (
				EE98E3342DAD70F700E6CCC4 /* PBXTargetDependency */,
			);
			name = SpaceFlightNewsUITests;
			productName = SpaceFlightNewsUITests;
			productReference = EE98E3322DAD70F700E6CCC4 /* SpaceFlightNewsUITests.xctest */;
			productType = "com.apple.product-type.bundle.ui-testing";
		};
/* End PBXNativeTarget section */

/* Begin PBXProject section */
		EE98E30A2DAD70EC00E6CCC4 /* Project object */ = {
			isa = PBXProject;
			attributes = {
				BuildIndependentTargetsInParallel = 1;
				LastSwiftUpdateCheck = 1540;
				LastUpgradeCheck = 1540;
				TargetAttributes = {
					EE98E3112DAD70EC00E6CCC4 = {
						CreatedOnToolsVersion = 15.4;
					};
					EE98E3272DAD70F700E6CCC4 = {
						CreatedOnToolsVersion = 15.4;
						TestTargetID = EE98E3112DAD70EC00E6CCC4;
					};
					EE98E3312DAD70F700E6CCC4 = {
						CreatedOnToolsVersion = 15.4;
						TestTargetID = EE98E3112DAD70EC00E6CCC4;
					};
				};
			};
			buildConfigurationList = EE98E30D2DAD70EC00E6CCC4 /* Build configuration list for PBXProject "SpaceFlightNews" */;
			compatibilityVersion = "Xcode 13.0";
			developmentRegion = en;
			hasScannedForEncodings = 0;
			knownRegions = (
				en,
				Base,
			);
			mainGroup = EE98E3092DAD70EC00E6CCC4;
			productRefGroup = EE98E3132DAD70EC00E6CCC4 /* Products */;
			projectDirPath = "";
			projectRoot = "";
			targets = (
				EE98E3112DAD70EC00E6CCC4 /* SpaceFlightNews */,
				EE98E3272DAD70F700E6CCC4 /* SpaceFlightNewsTests */,
				EE98E3312DAD70F700E6CCC4 /* SpaceFlightNewsUITests */,
			);
		};
/* End PBXProject section */

/* Begin PBXResourcesBuildPhase section */
		EE98E3102DAD70EC00E6CCC4 /* Resources */ = {
			isa = PBXResourcesBuildPhase;
			buildActionMask = 2147483647;
			files = (
				EE98E3512DAE339400E6CCC4 /* LoginViewController.xib in Resources */,
				EE98E3632DAE64F500E6CCC4 /* ArticleCollectionViewCell.xib in Resources */,
				EE98E3552DAE520100E6CCC4 /* RegisterViewController.xib in Resources */,
				EE98E31F2DAD70F500E6CCC4 /* Assets.xcassets in Resources */,
				EE98E3222DAD70F500E6CCC4 /* Base in Resources */,
				EE98E35F2DAE5CDA00E6CCC4 /* ArticleTableViewCell.xib in Resources */,
				EE98E31D2DAD70ED00E6CCC4 /* Base in Resources */,
				EE98E35A2DAE5B4D00E6CCC4 /* HomeViewController.xib in Resources */,
			);
			runOnlyForDeploymentPostprocessing = 0;
		};
		EE98E3262DAD70F700E6CCC4 /* Resources */ = {
			isa = PBXResourcesBuildPhase;
			buildActionMask = 2147483647;
			files = (
			);
			runOnlyForDeploymentPostprocessing = 0;
		};
		EE98E3302DAD70F700E6CCC4 /* Resources */ = {
			isa = PBXResourcesBuildPhase;
			buildActionMask = 2147483647;
			files = (
			);
			runOnlyForDeploymentPostprocessing = 0;
		};
/* End PBXResourcesBuildPhase section */

/* Begin PBXShellScriptBuildPhase section */
		058285F6AE0388160BFD2684 /* [CP] Check Pods Manifest.lock */ = {
			isa = PBXShellScriptBuildPhase;
			buildActionMask = 2147483647;
			files = (
			);
			inputFileListPaths = (
			);
			inputPaths = (
				"${PODS_PODFILE_DIR_PATH}/Podfile.lock",
				"${PODS_ROOT}/Manifest.lock",
			);
			name = "[CP] Check Pods Manifest.lock";
			outputFileListPaths = (
			);
			outputPaths = (
				"$(DERIVED_FILE_DIR)/Pods-SpaceFlightNews-SpaceFlightNewsUITests-checkManifestLockResult.txt",
			);
			runOnlyForDeploymentPostprocessing = 0;
			shellPath = /bin/sh;
			shellScript = "diff \"${PODS_PODFILE_DIR_PATH}/Podfile.lock\" \"${PODS_ROOT}/Manifest.lock\" > /dev/null\nif [ $? != 0 ] ; then\n    # print error to STDERR\n    echo \"error: The sandbox is not in sync with the Podfile.lock. Run 'pod install' or update your CocoaPods installation.\" >&2\n    exit 1\nfi\n# This output is used by Xcode 'outputs' to avoid re-running this script phase.\necho \"SUCCESS\" > \"${SCRIPT_OUTPUT_FILE_0}\"\n";
			showEnvVarsInLog = 0;
		};
		394271BADEA2D08C02031638 /* [CP] Check Pods Manifest.lock */ = {
			isa = PBXShellScriptBuildPhase;
			buildActionMask = 2147483647;
			files = (
			);
			inputFileListPaths = (
			);
			inputPaths = (
				"${PODS_PODFILE_DIR_PATH}/Podfile.lock",
				"${PODS_ROOT}/Manifest.lock",
			);
			name = "[CP] Check Pods Manifest.lock";
			outputFileListPaths = (
			);
			outputPaths = (
				"$(DERIVED_FILE_DIR)/Pods-SpaceFlightNews-checkManifestLockResult.txt",
			);
			runOnlyForDeploymentPostprocessing = 0;
			shellPath = /bin/sh;
			shellScript = "diff \"${PODS_PODFILE_DIR_PATH}/Podfile.lock\" \"${PODS_ROOT}/Manifest.lock\" > /dev/null\nif [ $? != 0 ] ; then\n    # print error to STDERR\n    echo \"error: The sandbox is not in sync with the Podfile.lock. Run 'pod install' or update your CocoaPods installation.\" >&2\n    exit 1\nfi\n# This output is used by Xcode 'outputs' to avoid re-running this script phase.\necho \"SUCCESS\" > \"${SCRIPT_OUTPUT_FILE_0}\"\n";
			showEnvVarsInLog = 0;
		};
		58080B9A5EFD92EEE01D64BA /* [CP] Embed Pods Frameworks */ = {
			isa = PBXShellScriptBuildPhase;
			buildActionMask = 2147483647;
			files = (
			);
			inputFileListPaths = (
				"${PODS_ROOT}/Target Support Files/Pods-SpaceFlightNews-SpaceFlightNewsUITests/Pods-SpaceFlightNews-SpaceFlightNewsUITests-frameworks-${CONFIGURATION}-input-files.xcfilelist",
			);
			name = "[CP] Embed Pods Frameworks";
			outputFileListPaths = (
				"${PODS_ROOT}/Target Support Files/Pods-SpaceFlightNews-SpaceFlightNewsUITests/Pods-SpaceFlightNews-SpaceFlightNewsUITests-frameworks-${CONFIGURATION}-output-files.xcfilelist",
			);
			runOnlyForDeploymentPostprocessing = 0;
			shellPath = /bin/sh;
			shellScript = "\"${PODS_ROOT}/Target Support Files/Pods-SpaceFlightNews-SpaceFlightNewsUITests/Pods-SpaceFlightNews-SpaceFlightNewsUITests-frameworks.sh\"\n";
			showEnvVarsInLog = 0;
		};
		DA8F8FB48C0701C0BBDDCB87 /* [CP] Embed Pods Frameworks */ = {
			isa = PBXShellScriptBuildPhase;
			buildActionMask = 2147483647;
			files = (
			);
			inputFileListPaths = (
				"${PODS_ROOT}/Target Support Files/Pods-SpaceFlightNews/Pods-SpaceFlightNews-frameworks-${CONFIGURATION}-input-files.xcfilelist",
			);
			name = "[CP] Embed Pods Frameworks";
			outputFileListPaths = (
				"${PODS_ROOT}/Target Support Files/Pods-SpaceFlightNews/Pods-SpaceFlightNews-frameworks-${CONFIGURATION}-output-files.xcfilelist",
			);
			runOnlyForDeploymentPostprocessing = 0;
			shellPath = /bin/sh;
			shellScript = "\"${PODS_ROOT}/Target Support Files/Pods-SpaceFlightNews/Pods-SpaceFlightNews-frameworks.sh\"\n";
			showEnvVarsInLog = 0;
		};
		FFFFE57BD8C9A90EA457F66C /* [CP] Check Pods Manifest.lock */ = {
			isa = PBXShellScriptBuildPhase;
			buildActionMask = 2147483647;
			files = (
			);
			inputFileListPaths = (
			);
			inputPaths = (
				"${PODS_PODFILE_DIR_PATH}/Podfile.lock",
				"${PODS_ROOT}/Manifest.lock",
			);
			name = "[CP] Check Pods Manifest.lock";
			outputFileListPaths = (
			);
			outputPaths = (
				"$(DERIVED_FILE_DIR)/Pods-SpaceFlightNewsTests-checkManifestLockResult.txt",
			);
			runOnlyForDeploymentPostprocessing = 0;
			shellPath = /bin/sh;
			shellScript = "diff \"${PODS_PODFILE_DIR_PATH}/Podfile.lock\" \"${PODS_ROOT}/Manifest.lock\" > /dev/null\nif [ $? != 0 ] ; then\n    # print error to STDERR\n    echo \"error: The sandbox is not in sync with the Podfile.lock. Run 'pod install' or update your CocoaPods installation.\" >&2\n    exit 1\nfi\n# This output is used by Xcode 'outputs' to avoid re-running this script phase.\necho \"SUCCESS\" > \"${SCRIPT_OUTPUT_FILE_0}\"\n";
			showEnvVarsInLog = 0;
		};
/* End PBXShellScriptBuildPhase section */

/* Begin PBXSourcesBuildPhase section */
		EE98E30E2DAD70EC00E6CCC4 /* Sources */ = {
			isa = PBXSourcesBuildPhase;
			buildActionMask = 2147483647;
			files = (
				EE98E3502DAE339400E6CCC4 /* LoginViewController.swift in Sources */,
				EE98E3542DAE520100E6CCC4 /* RegisterViewController.swift in Sources */,
				EE98E31A2DAD70ED00E6CCC4 /* ViewController.swift in Sources */,
				EE98E3162DAD70EC00E6CCC4 /* AppDelegate.swift in Sources */,
				EE98E3182DAD70EC00E6CCC4 /* SceneDelegate.swift in Sources */,
				EE98E3622DAE64F500E6CCC4 /* ArticleCollectionViewCell.swift in Sources */,
				EE98E35E2DAE5CDA00E6CCC4 /* ArticleTableViewCell.swift in Sources */,
				EE98E3592DAE5B4D00E6CCC4 /* HomeViewController.swift in Sources */,
			);
			runOnlyForDeploymentPostprocessing = 0;
		};
		EE98E3242DAD70F700E6CCC4 /* Sources */ = {
			isa = PBXSourcesBuildPhase;
			buildActionMask = 2147483647;
			files = (
				EE98E32D2DAD70F700E6CCC4 /* SpaceFlightNewsTests.swift in Sources */,
			);
			runOnlyForDeploymentPostprocessing = 0;
		};
		EE98E32E2DAD70F700E6CCC4 /* Sources */ = {
			isa = PBXSourcesBuildPhase;
			buildActionMask = 2147483647;
			files = (
				EE98E3392DAD70F700E6CCC4 /* SpaceFlightNewsUITestsLaunchTests.swift in Sources */,
				EE98E3372DAD70F700E6CCC4 /* SpaceFlightNewsUITests.swift in Sources */,
			);
			runOnlyForDeploymentPostprocessing = 0;
		};
/* End PBXSourcesBuildPhase section */

/* Begin PBXTargetDependency section */
		EE98E32A2DAD70F700E6CCC4 /* PBXTargetDependency */ = {
			isa = PBXTargetDependency;
			target = EE98E3112DAD70EC00E6CCC4 /* SpaceFlightNews */;
			targetProxy = EE98E3292DAD70F700E6CCC4 /* PBXContainerItemProxy */;
		};
		EE98E3342DAD70F700E6CCC4 /* PBXTargetDependency */ = {
			isa = PBXTargetDependency;
			target = EE98E3112DAD70EC00E6CCC4 /* SpaceFlightNews */;
			targetProxy = EE98E3332DAD70F700E6CCC4 /* PBXContainerItemProxy */;
		};
/* End PBXTargetDependency section */

/* Begin PBXVariantGroup section */
		EE98E31B2DAD70ED00E6CCC4 /* Main.storyboard */ = {
			isa = PBXVariantGroup;
			children = (
				EE98E31C2DAD70ED00E6CCC4 /* Base */,
			);
			name = Main.storyboard;
			sourceTree = "<group>";
		};
		EE98E3202DAD70F500E6CCC4 /* LaunchScreen.storyboard */ = {
			isa = PBXVariantGroup;
			children = (
				EE98E3212DAD70F500E6CCC4 /* Base */,
			);
			name = LaunchScreen.storyboard;
			sourceTree = "<group>";
		};
/* End PBXVariantGroup section */

/* Begin XCBuildConfiguration section */
		EE98E33A2DAD70F700E6CCC4 /* Debug */ = {
			isa = XCBuildConfiguration;
			buildSettings = {
				ALWAYS_SEARCH_USER_PATHS = NO;
				ASSETCATALOG_COMPILER_GENERATE_SWIFT_ASSET_SYMBOL_EXTENSIONS = YES;
				CLANG_ANALYZER_NONNULL = YES;
				CLANG_ANALYZER_NUMBER_OBJECT_CONVERSION = YES_AGGRESSIVE;
				CLANG_CXX_LANGUAGE_STANDARD = "gnu++20";
				CLANG_ENABLE_MODULES = YES;
				CLANG_ENABLE_OBJC_ARC = YES;
				CLANG_ENABLE_OBJC_WEAK = YES;
				CLANG_WARN_BLOCK_CAPTURE_AUTORELEASING = YES;
				CLANG_WARN_BOOL_CONVERSION = YES;
				CLANG_WARN_COMMA = YES;
				CLANG_WARN_CONSTANT_CONVERSION = YES;
				CLANG_WARN_DEPRECATED_OBJC_IMPLEMENTATIONS = YES;
				CLANG_WARN_DIRECT_OBJC_ISA_USAGE = YES_ERROR;
				CLANG_WARN_DOCUMENTATION_COMMENTS = YES;
				CLANG_WARN_EMPTY_BODY = YES;
				CLANG_WARN_ENUM_CONVERSION = YES;
				CLANG_WARN_INFINITE_RECURSION = YES;
				CLANG_WARN_INT_CONVERSION = YES;
				CLANG_WARN_NON_LITERAL_NULL_CONVERSION = YES;
				CLANG_WARN_OBJC_IMPLICIT_RETAIN_SELF = YES;
				CLANG_WARN_OBJC_LITERAL_CONVERSION = YES;
				CLANG_WARN_OBJC_ROOT_CLASS = YES_ERROR;
				CLANG_WARN_QUOTED_INCLUDE_IN_FRAMEWORK_HEADER = YES;
				CLANG_WARN_RANGE_LOOP_ANALYSIS = YES;
				CLANG_WARN_STRICT_PROTOTYPES = YES;
				CLANG_WARN_SUSPICIOUS_MOVE = YES;
				CLANG_WARN_UNGUARDED_AVAILABILITY = YES_AGGRESSIVE;
				CLANG_WARN_UNREACHABLE_CODE = YES;
				CLANG_WARN__DUPLICATE_METHOD_MATCH = YES;
				COPY_PHASE_STRIP = NO;
				DEBUG_INFORMATION_FORMAT = dwarf;
				ENABLE_STRICT_OBJC_MSGSEND = YES;
				ENABLE_TESTABILITY = YES;
				ENABLE_USER_SCRIPT_SANDBOXING = YES;
				GCC_C_LANGUAGE_STANDARD = gnu17;
				GCC_DYNAMIC_NO_PIC = NO;
				GCC_NO_COMMON_BLOCKS = YES;
				GCC_OPTIMIZATION_LEVEL = 0;
				GCC_PREPROCESSOR_DEFINITIONS = (
					"DEBUG=1",
					"$(inherited)",
				);
				GCC_WARN_64_TO_32_BIT_CONVERSION = YES;
				GCC_WARN_ABOUT_RETURN_TYPE = YES_ERROR;
				GCC_WARN_UNDECLARED_SELECTOR = YES;
				GCC_WARN_UNINITIALIZED_AUTOS = YES_AGGRESSIVE;
				GCC_WARN_UNUSED_FUNCTION = YES;
				GCC_WARN_UNUSED_VARIABLE = YES;
				IPHONEOS_DEPLOYMENT_TARGET = 17.0;
				LOCALIZATION_PREFERS_STRING_CATALOGS = YES;
				MTL_ENABLE_DEBUG_INFO = INCLUDE_SOURCE;
				MTL_FAST_MATH = YES;
				ONLY_ACTIVE_ARCH = YES;
				SDKROOT = iphoneos;
				SWIFT_ACTIVE_COMPILATION_CONDITIONS = "DEBUG $(inherited)";
				SWIFT_OPTIMIZATION_LEVEL = "-Onone";
			};
			name = Debug;
		};
		EE98E33B2DAD70F700E6CCC4 /* Release */ = {
			isa = XCBuildConfiguration;
			buildSettings = {
				ALWAYS_SEARCH_USER_PATHS = NO;
				ASSETCATALOG_COMPILER_GENERATE_SWIFT_ASSET_SYMBOL_EXTENSIONS = YES;
				CLANG_ANALYZER_NONNULL = YES;
				CLANG_ANALYZER_NUMBER_OBJECT_CONVERSION = YES_AGGRESSIVE;
				CLANG_CXX_LANGUAGE_STANDARD = "gnu++20";
				CLANG_ENABLE_MODULES = YES;
				CLANG_ENABLE_OBJC_ARC = YES;
				CLANG_ENABLE_OBJC_WEAK = YES;
				CLANG_WARN_BLOCK_CAPTURE_AUTORELEASING = YES;
				CLANG_WARN_BOOL_CONVERSION = YES;
				CLANG_WARN_COMMA = YES;
				CLANG_WARN_CONSTANT_CONVERSION = YES;
				CLANG_WARN_DEPRECATED_OBJC_IMPLEMENTATIONS = YES;
				CLANG_WARN_DIRECT_OBJC_ISA_USAGE = YES_ERROR;
				CLANG_WARN_DOCUMENTATION_COMMENTS = YES;
				CLANG_WARN_EMPTY_BODY = YES;
				CLANG_WARN_ENUM_CONVERSION = YES;
				CLANG_WARN_INFINITE_RECURSION = YES;
				CLANG_WARN_INT_CONVERSION = YES;
				CLANG_WARN_NON_LITERAL_NULL_CONVERSION = YES;
				CLANG_WARN_OBJC_IMPLICIT_RETAIN_SELF = YES;
				CLANG_WARN_OBJC_LITERAL_CONVERSION = YES;
				CLANG_WARN_OBJC_ROOT_CLASS = YES_ERROR;
				CLANG_WARN_QUOTED_INCLUDE_IN_FRAMEWORK_HEADER = YES;
				CLANG_WARN_RANGE_LOOP_ANALYSIS = YES;
				CLANG_WARN_STRICT_PROTOTYPES = YES;
				CLANG_WARN_SUSPICIOUS_MOVE = YES;
				CLANG_WARN_UNGUARDED_AVAILABILITY = YES_AGGRESSIVE;
				CLANG_WARN_UNREACHABLE_CODE = YES;
				CLANG_WARN__DUPLICATE_METHOD_MATCH = YES;
				COPY_PHASE_STRIP = NO;
				DEBUG_INFORMATION_FORMAT = "dwarf-with-dsym";
				ENABLE_NS_ASSERTIONS = NO;
				ENABLE_STRICT_OBJC_MSGSEND = YES;
				ENABLE_USER_SCRIPT_SANDBOXING = YES;
				GCC_C_LANGUAGE_STANDARD = gnu17;
				GCC_NO_COMMON_BLOCKS = YES;
				GCC_WARN_64_TO_32_BIT_CONVERSION = YES;
				GCC_WARN_ABOUT_RETURN_TYPE = YES_ERROR;
				GCC_WARN_UNDECLARED_SELECTOR = YES;
				GCC_WARN_UNINITIALIZED_AUTOS = YES_AGGRESSIVE;
				GCC_WARN_UNUSED_FUNCTION = YES;
				GCC_WARN_UNUSED_VARIABLE = YES;
				IPHONEOS_DEPLOYMENT_TARGET = 17.0;
				LOCALIZATION_PREFERS_STRING_CATALOGS = YES;
				MTL_ENABLE_DEBUG_INFO = NO;
				MTL_FAST_MATH = YES;
				SDKROOT = iphoneos;
				SWIFT_COMPILATION_MODE = wholemodule;
				VALIDATE_PRODUCT = YES;
			};
			name = Release;
		};
		EE98E33D2DAD70F700E6CCC4 /* Debug */ = {
			isa = XCBuildConfiguration;
			baseConfigurationReference = 71187CF1C61982DCBF432A92 /* Pods-SpaceFlightNews.debug.xcconfig */;
			buildSettings = {
				ASSETCATALOG_COMPILER_APPICON_NAME = AppIcon;
				ASSETCATALOG_COMPILER_GLOBAL_ACCENT_COLOR_NAME = AccentColor;
				CODE_SIGN_STYLE = Automatic;
				CURRENT_PROJECT_VERSION = 1;
				GENERATE_INFOPLIST_FILE = YES;
				INFOPLIST_FILE = SpaceFlightNews/Info.plist;
				INFOPLIST_KEY_UIApplicationSupportsIndirectInputEvents = YES;
				INFOPLIST_KEY_UILaunchStoryboardName = LaunchScreen;
				INFOPLIST_KEY_UIMainStoryboardFile = Main;
				INFOPLIST_KEY_UISupportedInterfaceOrientations_iPad = "UIInterfaceOrientationPortrait UIInterfaceOrientationPortraitUpsideDown UIInterfaceOrientationLandscapeLeft UIInterfaceOrientationLandscapeRight";
				INFOPLIST_KEY_UISupportedInterfaceOrientations_iPhone = "UIInterfaceOrientationPortrait UIInterfaceOrientationLandscapeLeft UIInterfaceOrientationLandscapeRight";
				IPHONEOS_DEPLOYMENT_TARGET = 17.0;
				LD_RUNPATH_SEARCH_PATHS = (
					"$(inherited)",
					"@executable_path/Frameworks",
				);
				MARKETING_VERSION = 1.0;
				PRODUCT_BUNDLE_IDENTIFIER = Arhan.SpaceFlightNews;
				PRODUCT_NAME = "$(TARGET_NAME)";
				SWIFT_EMIT_LOC_STRINGS = YES;
				SWIFT_VERSION = 5.0;
				TARGETED_DEVICE_FAMILY = "1,2";
			};
			name = Debug;
		};
		EE98E33E2DAD70F700E6CCC4 /* Release */ = {
			isa = XCBuildConfiguration;
			baseConfigurationReference = 549B5766412A0A2076A83B00 /* Pods-SpaceFlightNews.release.xcconfig */;
			buildSettings = {
				ASSETCATALOG_COMPILER_APPICON_NAME = AppIcon;
				ASSETCATALOG_COMPILER_GLOBAL_ACCENT_COLOR_NAME = AccentColor;
				CODE_SIGN_STYLE = Automatic;
				CURRENT_PROJECT_VERSION = 1;
				GENERATE_INFOPLIST_FILE = YES;
				INFOPLIST_FILE = SpaceFlightNews/Info.plist;
				INFOPLIST_KEY_UIApplicationSupportsIndirectInputEvents = YES;
				INFOPLIST_KEY_UILaunchStoryboardName = LaunchScreen;
				INFOPLIST_KEY_UIMainStoryboardFile = Main;
				INFOPLIST_KEY_UISupportedInterfaceOrientations_iPad = "UIInterfaceOrientationPortrait UIInterfaceOrientationPortraitUpsideDown UIInterfaceOrientationLandscapeLeft UIInterfaceOrientationLandscapeRight";
				INFOPLIST_KEY_UISupportedInterfaceOrientations_iPhone = "UIInterfaceOrientationPortrait UIInterfaceOrientationLandscapeLeft UIInterfaceOrientationLandscapeRight";
				IPHONEOS_DEPLOYMENT_TARGET = 17.0;
				LD_RUNPATH_SEARCH_PATHS = (
					"$(inherited)",
					"@executable_path/Frameworks",
				);
				MARKETING_VERSION = 1.0;
				PRODUCT_BUNDLE_IDENTIFIER = Arhan.SpaceFlightNews;
				PRODUCT_NAME = "$(TARGET_NAME)";
				SWIFT_EMIT_LOC_STRINGS = YES;
				SWIFT_VERSION = 5.0;
				TARGETED_DEVICE_FAMILY = "1,2";
			};
			name = Release;
		};
		EE98E3402DAD70F700E6CCC4 /* Debug */ = {
			isa = XCBuildConfiguration;
			baseConfigurationReference = 0C4EB649ACFE9DA793A98F95 /* Pods-SpaceFlightNewsTests.debug.xcconfig */;
			buildSettings = {
				ALWAYS_EMBED_SWIFT_STANDARD_LIBRARIES = YES;
				BUNDLE_LOADER = "$(TEST_HOST)";
				CODE_SIGN_STYLE = Automatic;
				CURRENT_PROJECT_VERSION = 1;
				GENERATE_INFOPLIST_FILE = YES;
				IPHONEOS_DEPLOYMENT_TARGET = 17.5;
				MARKETING_VERSION = 1.0;
				PRODUCT_BUNDLE_IDENTIFIER = Arhan.SpaceFlightNewsTests;
				PRODUCT_NAME = "$(TARGET_NAME)";
				SWIFT_EMIT_LOC_STRINGS = NO;
				SWIFT_VERSION = 5.0;
				TARGETED_DEVICE_FAMILY = "1,2";
				TEST_HOST = "$(BUILT_PRODUCTS_DIR)/SpaceFlightNews.app/$(BUNDLE_EXECUTABLE_FOLDER_PATH)/SpaceFlightNews";
			};
			name = Debug;
		};
		EE98E3412DAD70F700E6CCC4 /* Release */ = {
			isa = XCBuildConfiguration;
			baseConfigurationReference = 957835F46F78268A7C6FAD4D /* Pods-SpaceFlightNewsTests.release.xcconfig */;
			buildSettings = {
				ALWAYS_EMBED_SWIFT_STANDARD_LIBRARIES = YES;
				BUNDLE_LOADER = "$(TEST_HOST)";
				CODE_SIGN_STYLE = Automatic;
				CURRENT_PROJECT_VERSION = 1;
				GENERATE_INFOPLIST_FILE = YES;
				IPHONEOS_DEPLOYMENT_TARGET = 17.5;
				MARKETING_VERSION = 1.0;
				PRODUCT_BUNDLE_IDENTIFIER = Arhan.SpaceFlightNewsTests;
				PRODUCT_NAME = "$(TARGET_NAME)";
				SWIFT_EMIT_LOC_STRINGS = NO;
				SWIFT_VERSION = 5.0;
				TARGETED_DEVICE_FAMILY = "1,2";
				TEST_HOST = "$(BUILT_PRODUCTS_DIR)/SpaceFlightNews.app/$(BUNDLE_EXECUTABLE_FOLDER_PATH)/SpaceFlightNews";
			};
			name = Release;
		};
		EE98E3432DAD70F700E6CCC4 /* Debug */ = {
			isa = XCBuildConfiguration;
			baseConfigurationReference = 696DFD4A3CBED255F8621620 /* Pods-SpaceFlightNews-SpaceFlightNewsUITests.debug.xcconfig */;
			buildSettings = {
				ALWAYS_EMBED_SWIFT_STANDARD_LIBRARIES = YES;
				CODE_SIGN_STYLE = Automatic;
				CURRENT_PROJECT_VERSION = 1;
				GENERATE_INFOPLIST_FILE = YES;
				MARKETING_VERSION = 1.0;
				PRODUCT_BUNDLE_IDENTIFIER = Arhan.SpaceFlightNewsUITests;
				PRODUCT_NAME = "$(TARGET_NAME)";
				SWIFT_EMIT_LOC_STRINGS = NO;
				SWIFT_VERSION = 5.0;
				TARGETED_DEVICE_FAMILY = "1,2";
				TEST_TARGET_NAME = SpaceFlightNews;
			};
			name = Debug;
		};
		EE98E3442DAD70F700E6CCC4 /* Release */ = {
			isa = XCBuildConfiguration;
			baseConfigurationReference = 4564D56923C5DECA2ECFA425 /* Pods-SpaceFlightNews-SpaceFlightNewsUITests.release.xcconfig */;
			buildSettings = {
				ALWAYS_EMBED_SWIFT_STANDARD_LIBRARIES = YES;
				CODE_SIGN_STYLE = Automatic;
				CURRENT_PROJECT_VERSION = 1;
				GENERATE_INFOPLIST_FILE = YES;
				MARKETING_VERSION = 1.0;
				PRODUCT_BUNDLE_IDENTIFIER = Arhan.SpaceFlightNewsUITests;
				PRODUCT_NAME = "$(TARGET_NAME)";
				SWIFT_EMIT_LOC_STRINGS = NO;
				SWIFT_VERSION = 5.0;
				TARGETED_DEVICE_FAMILY = "1,2";
				TEST_TARGET_NAME = SpaceFlightNews;
			};
			name = Release;
		};
/* End XCBuildConfiguration section */

/* Begin XCConfigurationList section */
		EE98E30D2DAD70EC00E6CCC4 /* Build configuration list for PBXProject "SpaceFlightNews" */ = {
			isa = XCConfigurationList;
			buildConfigurations = (
				EE98E33A2DAD70F700E6CCC4 /* Debug */,
				EE98E33B2DAD70F700E6CCC4 /* Release */,
			);
			defaultConfigurationIsVisible = 0;
			defaultConfigurationName = Release;
		};
		EE98E33C2DAD70F700E6CCC4 /* Build configuration list for PBXNativeTarget "SpaceFlightNews" */ = {
			isa = XCConfigurationList;
			buildConfigurations = (
				EE98E33D2DAD70F700E6CCC4 /* Debug */,
				EE98E33E2DAD70F700E6CCC4 /* Release */,
			);
			defaultConfigurationIsVisible = 0;
			defaultConfigurationName = Release;
		};
		EE98E33F2DAD70F700E6CCC4 /* Build configuration list for PBXNativeTarget "SpaceFlightNewsTests" */ = {
			isa = XCConfigurationList;
			buildConfigurations = (
				EE98E3402DAD70F700E6CCC4 /* Debug */,
				EE98E3412DAD70F700E6CCC4 /* Release */,
			);
			defaultConfigurationIsVisible = 0;
			defaultConfigurationName = Release;
		};
		EE98E3422DAD70F700E6CCC4 /* Build configuration list for PBXNativeTarget "SpaceFlightNewsUITests" */ = {
			isa = XCConfigurationList;
			buildConfigurations = (
				EE98E3432DAD70F700E6CCC4 /* Debug */,
				EE98E3442DAD70F700E6CCC4 /* Release */,
			);
			defaultConfigurationIsVisible = 0;
			defaultConfigurationName = Release;
		};
/* End XCConfigurationList section */
	};
	rootObject = EE98E30A2DAD70EC00E6CCC4 /* Project object */;
}
